
Microsoft Visual Studio Solution File, Format Version 12.00
# Visual Studio Version 17
VisualStudioVersion = 17.4.33122.133
MinimumVisualStudioVersion = 10.0.40219.1
Project("{FAE04EC0-301F-11D3-BF4B-00C04F79EFBC}") = "PODEJSCIE 1", "PODEJSCIE 1.csproj", "{A83829BB-CF97-4729-B967-E84E5B571D9B}"
EndProject
Global
	GlobalSection(SolutionConfigurationPlatforms) = preSolution
		Debug|Any CPU = Debug|Any CPU
		Release|Any CPU = Release|Any CPU
	EndGlobalSection
	GlobalSection(ProjectConfigurationPlatforms) = postSolution
		{A83829BB-CF97-4729-B967-E84E5B571D9B}.Debug|Any CPU.ActiveCfg = Debug|Any CPU
		{A83829BB-CF97-4729-B967-E84E5B571D9B}.Debug|Any CPU.Build.0 = Debug|Any CPU
		{A83829BB-CF97-4729-B967-E84E5B571D9B}.Release|Any CPU.ActiveCfg = Release|Any CPU
		{A83829BB-CF97-4729-B967-E84E5B571D9B}.Release|Any CPU.Build.0 = Release|Any CPU
	EndGlobalSection
	GlobalSection(SolutionProperties) = preSolution
		HideSolutionNode = FALSE
	EndGlobalSection
	GlobalSection(ExtensibilityGlobals) = postSolution
		SolutionGuid = {784ACFDE-55BE-4C71-8D92-2242F931C638}
	EndGlobalSection
EndGlobal
